
Microsoft Visual Studio Solution File, Format Version 12.00
# Visual Studio 15
VisualStudioVersion = 15.0.26228.4
MinimumVisualStudioVersion = 10.0.40219.1
Project("{FAE04EC0-301F-11D3-BF4B-00C04F79EFBC}") = "TweetApp", "TweetApp\TweetApp.csproj", "{A2ACE42C-ACD9-4835-B30C-97B4A179513C}"
EndProject
Project("{FAE04EC0-301F-11D3-BF4B-00C04F79EFBC}") = "TweetBL", "TweetBL\TweetBL.csproj", "{F4B928D7-A149-4D3D-AA81-18BA6509B0AC}"
EndProject
Project("{FAE04EC0-301F-11D3-BF4B-00C04F79EFBC}") = "TweetDAL", "TweetDAL\TweetDAL.csproj", "{2BE4DFB8-7443-4E97-B713-7431A8446F0C}"
EndProject
Project("{FAE04EC0-301F-11D3-BF4B-00C04F79EFBC}") = "WebApi", "WebApi\WebApi.csproj", "{24B8ACCC-B4D2-49E9-8CD8-63D97983AFA2}"
EndProject
Project("{FAE04EC0-301F-11D3-BF4B-00C04F79EFBC}") = "UnitTestProject", "UnitTestProject\UnitTestProject.csproj", "{A2235C85-5672-4E6C-8308-B98309A4EE9E}"
EndProject
Global
	GlobalSection(SolutionConfigurationPlatforms) = preSolution
		Debug|Any CPU = Debug|Any CPU
		Release|Any CPU = Release|Any CPU
	EndGlobalSection
	GlobalSection(ProjectConfigurationPlatforms) = postSolution
		{A2ACE42C-ACD9-4835-B30C-97B4A179513C}.Debug|Any CPU.ActiveCfg = Debug|Any CPU
		{A2ACE42C-ACD9-4835-B30C-97B4A179513C}.Debug|Any CPU.Build.0 = Debug|Any CPU
		{A2ACE42C-ACD9-4835-B30C-97B4A179513C}.Release|Any CPU.ActiveCfg = Release|Any CPU
		{A2ACE42C-ACD9-4835-B30C-97B4A179513C}.Release|Any CPU.Build.0 = Release|Any CPU
		{F4B928D7-A149-4D3D-AA81-18BA6509B0AC}.Debug|Any CPU.ActiveCfg = Debug|Any CPU
		{F4B928D7-A149-4D3D-AA81-18BA6509B0AC}.Debug|Any CPU.Build.0 = Debug|Any CPU
		{F4B928D7-A149-4D3D-AA81-18BA6509B0AC}.Release|Any CPU.ActiveCfg = Release|Any CPU
		{F4B928D7-A149-4D3D-AA81-18BA6509B0AC}.Release|Any CPU.Build.0 = Release|Any CPU
		{2BE4DFB8-7443-4E97-B713-7431A8446F0C}.Debug|Any CPU.ActiveCfg = Debug|Any CPU
		{2BE4DFB8-7443-4E97-B713-7431A8446F0C}.Debug|Any CPU.Build.0 = Debug|Any CPU
		{2BE4DFB8-7443-4E97-B713-7431A8446F0C}.Release|Any CPU.ActiveCfg = Release|Any CPU
		{2BE4DFB8-7443-4E97-B713-7431A8446F0C}.Release|Any CPU.Build.0 = Release|Any CPU
		{24B8ACCC-B4D2-49E9-8CD8-63D97983AFA2}.Debug|Any CPU.ActiveCfg = Debug|Any CPU
		{24B8ACCC-B4D2-49E9-8CD8-63D97983AFA2}.Debug|Any CPU.Build.0 = Debug|Any CPU
		{24B8ACCC-B4D2-49E9-8CD8-63D97983AFA2}.Release|Any CPU.ActiveCfg = Release|Any CPU
		{24B8ACCC-B4D2-49E9-8CD8-63D97983AFA2}.Release|Any CPU.Build.0 = Release|Any CPU
		{A2235C85-5672-4E6C-8308-B98309A4EE9E}.Debug|Any CPU.ActiveCfg = Debug|Any CPU
		{A2235C85-5672-4E6C-8308-B98309A4EE9E}.Debug|Any CPU.Build.0 = Debug|Any CPU
		{A2235C85-5672-4E6C-8308-B98309A4EE9E}.Release|Any CPU.ActiveCfg = Release|Any CPU
		{A2235C85-5672-4E6C-8308-B98309A4EE9E}.Release|Any CPU.Build.0 = Release|Any CPU
	EndGlobalSection
	GlobalSection(SolutionProperties) = preSolution
		HideSolutionNode = FALSE
	EndGlobalSection
EndGlobal
